
Microsoft Visual Studio Solution File, Format Version 12.00
# Visual Studio Version 17
VisualStudioVersion = 17.14.36429.23 d17.14
MinimumVisualStudioVersion = 10.0.40219.1
Project("{2150E333-8FDC-42A3-9474-1A3956D46DE8}") = "Task0", "Task0", "{02EA681E-C7D8-13C7-8484-4AC65E1B71E8}"
EndProject
Project("{FAE04EC0-301F-11D3-BF4B-00C04F79EFBC}") = "Tyuiu.KruchininEP.Sprint1.Task0.V7", "Tyuiu.KruchininEP.Sprint1.Task0.V7\Tyuiu.KruchininEP.Sprint1.Task0.V7.csproj", "{3E1CA2E6-F6C3-4A28-8985-717EED58BB1F}"
EndProject
Project("{FAE04EC0-301F-11D3-BF4B-00C04F79EFBC}") = "Tyuiu.KruchininEP.Sprint1.Task0.V7.Lib", "Tyuiu.KruchininEP.Sprint1.Task0.V7.Lib\Tyuiu.KruchininEP.Sprint1.Task0.V7.Lib.csproj", "{ADF84C5E-8311-4DE9-9500-BC8116E2709B}"
EndProject
Project("{FAE04EC0-301F-11D3-BF4B-00C04F79EFBC}") = "Tyuiu.KruchininEP.Sprint1.Task0.V7.Test", "Tyuiu.KruchininEP.Sprint1.Task0.V7.Test\Tyuiu.KruchininEP.Sprint1.Task0.V7.Test.csproj", "{38751F4B-F945-411D-A74C-CC25FA174A4F}"
EndProject
Global
	GlobalSection(SolutionConfigurationPlatforms) = preSolution
		Debug|Any CPU = Debug|Any CPU
		Release|Any CPU = Release|Any CPU
	EndGlobalSection
	GlobalSection(ProjectConfigurationPlatforms) = postSolution
		{3E1CA2E6-F6C3-4A28-8985-717EED58BB1F}.Debug|Any CPU.ActiveCfg = Debug|Any CPU
		{3E1CA2E6-F6C3-4A28-8985-717EED58BB1F}.Debug|Any CPU.Build.0 = Debug|Any CPU
		{3E1CA2E6-F6C3-4A28-8985-717EED58BB1F}.Release|Any CPU.ActiveCfg = Release|Any CPU
		{3E1CA2E6-F6C3-4A28-8985-717EED58BB1F}.Release|Any CPU.Build.0 = Release|Any CPU
		{ADF84C5E-8311-4DE9-9500-BC8116E2709B}.Debug|Any CPU.ActiveCfg = Debug|Any CPU
		{ADF84C5E-8311-4DE9-9500-BC8116E2709B}.Debug|Any CPU.Build.0 = Debug|Any CPU
		{ADF84C5E-8311-4DE9-9500-BC8116E2709B}.Release|Any CPU.ActiveCfg = Release|Any CPU
		{ADF84C5E-8311-4DE9-9500-BC8116E2709B}.Release|Any CPU.Build.0 = Release|Any CPU
		{38751F4B-F945-411D-A74C-CC25FA174A4F}.Debug|Any CPU.ActiveCfg = Debug|Any CPU
		{38751F4B-F945-411D-A74C-CC25FA174A4F}.Debug|Any CPU.Build.0 = Debug|Any CPU
		{38751F4B-F945-411D-A74C-CC25FA174A4F}.Release|Any CPU.ActiveCfg = Release|Any CPU
		{38751F4B-F945-411D-A74C-CC25FA174A4F}.Release|Any CPU.Build.0 = Release|Any CPU
	EndGlobalSection
	GlobalSection(SolutionProperties) = preSolution
		HideSolutionNode = FALSE
	EndGlobalSection
	GlobalSection(NestedProjects) = preSolution
		{3E1CA2E6-F6C3-4A28-8985-717EED58BB1F} = {02EA681E-C7D8-13C7-8484-4AC65E1B71E8}
		{ADF84C5E-8311-4DE9-9500-BC8116E2709B} = {02EA681E-C7D8-13C7-8484-4AC65E1B71E8}
		{38751F4B-F945-411D-A74C-CC25FA174A4F} = {02EA681E-C7D8-13C7-8484-4AC65E1B71E8}
	EndGlobalSection
	GlobalSection(ExtensibilityGlobals) = postSolution
		SolutionGuid = {B6A88510-EB7E-498B-9C55-410AF88BDD46}
	EndGlobalSection
EndGlobal
