
Microsoft Visual Studio Solution File, Format Version 12.00
# Visual Studio Version 17
VisualStudioVersion = 17.14.36429.23
MinimumVisualStudioVersion = 10.0.40219.1
Project("{2150E333-8FDC-42A3-9474-1A3956D46DE8}") = "Task0", "Task0", "{02EA681E-C7D8-13C7-8484-4AC65E1B71E8}"
EndProject
Project("{FAE04EC0-301F-11D3-BF4B-00C04F79EFBC}") = "Tyuiu.KruchininEP.Sprint1.Task0.V7", "Tyuiu.KruchininEP.Sprint1.Task0.V7\Tyuiu.KruchininEP.Sprint1.Task0.V7.csproj", "{3E1CA2E6-F6C3-4A28-8985-717EED58BB1F}"
EndProject
Project("{FAE04EC0-301F-11D3-BF4B-00C04F79EFBC}") = "Tyuiu.KruchininEP.Sprint1.Task0.V7.Lib", "Tyuiu.KruchininEP.Sprint1.Task0.V7.Lib\Tyuiu.KruchininEP.Sprint1.Task0.V7.Lib.csproj", "{ADF84C5E-8311-4DE9-9500-BC8116E2709B}"
EndProject
Project("{FAE04EC0-301F-11D3-BF4B-00C04F79EFBC}") = "Tyuiu.KruchininEP.Sprint1.Task0.V7.Test", "Tyuiu.KruchininEP.Sprint1.Task0.V7.Test\Tyuiu.KruchininEP.Sprint1.Task0.V7.Test.csproj", "{38751F4B-F945-411D-A74C-CC25FA174A4F}"
EndProject
Project("{2150E333-8FDC-42A3-9474-1A3956D46DE8}") = "Task1", "Task1", "{90182F99-A0B9-4068-A41E-7057FF64068C}"
EndProject
Project("{FAE04EC0-301F-11D3-BF4B-00C04F79EFBC}") = "Tyuiu.KruchininEP.Sprint1.Task1.V3.Test", "Tyuiu.KruchininEP.Sprint1.Task1.V3.Test\Tyuiu.KruchininEP.Sprint1.Task1.V3.Test.csproj", "{F7EDB2BC-EAF0-41C2-B61F-49933C5BC8E2}"
EndProject
Project("{FAE04EC0-301F-11D3-BF4B-00C04F79EFBC}") = "Tyuiu.KruchininEP.Sprint1.Task1.V3", "Tyuiu.KruchininEP.Sprint1.Task1.V3\Tyuiu.KruchininEP.Sprint1.Task1.V3.csproj", "{E6748CEB-4457-46E6-9E27-C8C1BF7104AB}"
EndProject
Project("{FAE04EC0-301F-11D3-BF4B-00C04F79EFBC}") = "Tyuiu.KruchininEP.Sprint1.Task1.V3.Lib", "Tyuiu.KruchininEP.Sprint1.Task1.V3.Lib\Tyuiu.KruchininEP.Sprint1.Task1.V3.Lib.csproj", "{48C1B149-37D9-43D5-BE43-4173FF9B39D3}"
EndProject
Project("{2150E333-8FDC-42A3-9474-1A3956D46DE8}") = "Task2", "Task2", "{7938F392-8B1D-4AD5-9E30-0D04B181C76D}"
EndProject
Project("{FAE04EC0-301F-11D3-BF4B-00C04F79EFBC}") = "Tyuiu.KruchininEP.Sprint1.Task2.V19", "Tyuiu.KruchininEP.Sprint1.Task2.V19\Tyuiu.KruchininEP.Sprint1.Task2.V19.csproj", "{A1E25556-6516-497E-BE17-92F0FBC2E4EF}"
EndProject
Project("{FAE04EC0-301F-11D3-BF4B-00C04F79EFBC}") = "Tyuiu.KruchininEP.Sprint1.Task2.V19.Lib", "Tyuiu.KruchininEP.Sprint1.Task2.V19.Lib\Tyuiu.KruchininEP.Sprint1.Task2.V19.Lib.csproj", "{47E105DF-71BF-4FDF-BF1C-2E85CD0601A0}"
EndProject
Project("{FAE04EC0-301F-11D3-BF4B-00C04F79EFBC}") = "Tyuiu.KruchininEP.Sprint1.Task2.V19.Test", "Tyuiu.KruchininEP.Sprint1.Task2.V19.Test\Tyuiu.KruchininEP.Sprint1.Task2.V19.Test.csproj", "{7C32659F-05AF-4332-824E-AAF6893B2847}"
EndProject
Project("{2150E333-8FDC-42A3-9474-1A3956D46DE8}") = "Task3", "Task3", "{5E061966-D3B7-493F-A0B7-FD25F9E67763}"
EndProject
Project("{FAE04EC0-301F-11D3-BF4B-00C04F79EFBC}") = "Tyuiu.KruchininEP.Sprint1.Task3.V17", "Tyuiu.KruchininEP.Sprint1.Task3.V17\Tyuiu.KruchininEP.Sprint1.Task3.V17.csproj", "{8DD7F78D-2FAD-48D4-909D-14B67EB42F7A}"
EndProject
Project("{FAE04EC0-301F-11D3-BF4B-00C04F79EFBC}") = "Tyuiu.KruchininEP.Sprint1.Task3.V17.Lib", "Tyuiu.KruchininEP.Sprint1.Task3.V17.Lib\Tyuiu.KruchininEP.Sprint1.Task3.V17.Lib.csproj", "{34F5055A-84F6-4D38-8DA1-63F40E9D4535}"
EndProject
Project("{FAE04EC0-301F-11D3-BF4B-00C04F79EFBC}") = "Tyuiu.KruchininEP.Sprint1.Task3.V17.Test", "Tyuiu.KruchininEP.Sprint1.Task3.V17.Test\Tyuiu.KruchininEP.Sprint1.Task3.V17.Test.csproj", "{330264CB-61D9-4E78-BFE2-574E03579A21}"
EndProject
Global
	GlobalSection(SolutionConfigurationPlatforms) = preSolution
		Debug|Any CPU = Debug|Any CPU
		Release|Any CPU = Release|Any CPU
	EndGlobalSection
	GlobalSection(ProjectConfigurationPlatforms) = postSolution
		{3E1CA2E6-F6C3-4A28-8985-717EED58BB1F}.Debug|Any CPU.ActiveCfg = Debug|Any CPU
		{3E1CA2E6-F6C3-4A28-8985-717EED58BB1F}.Debug|Any CPU.Build.0 = Debug|Any CPU
		{3E1CA2E6-F6C3-4A28-8985-717EED58BB1F}.Release|Any CPU.ActiveCfg = Release|Any CPU
		{3E1CA2E6-F6C3-4A28-8985-717EED58BB1F}.Release|Any CPU.Build.0 = Release|Any CPU
		{ADF84C5E-8311-4DE9-9500-BC8116E2709B}.Debug|Any CPU.ActiveCfg = Debug|Any CPU
		{ADF84C5E-8311-4DE9-9500-BC8116E2709B}.Debug|Any CPU.Build.0 = Debug|Any CPU
		{ADF84C5E-8311-4DE9-9500-BC8116E2709B}.Release|Any CPU.ActiveCfg = Release|Any CPU
		{ADF84C5E-8311-4DE9-9500-BC8116E2709B}.Release|Any CPU.Build.0 = Release|Any CPU
		{38751F4B-F945-411D-A74C-CC25FA174A4F}.Debug|Any CPU.ActiveCfg = Debug|Any CPU
		{38751F4B-F945-411D-A74C-CC25FA174A4F}.Debug|Any CPU.Build.0 = Debug|Any CPU
		{38751F4B-F945-411D-A74C-CC25FA174A4F}.Release|Any CPU.ActiveCfg = Release|Any CPU
		{38751F4B-F945-411D-A74C-CC25FA174A4F}.Release|Any CPU.Build.0 = Release|Any CPU
		{F7EDB2BC-EAF0-41C2-B61F-49933C5BC8E2}.Debug|Any CPU.ActiveCfg = Debug|Any CPU
		{F7EDB2BC-EAF0-41C2-B61F-49933C5BC8E2}.Debug|Any CPU.Build.0 = Debug|Any CPU
		{F7EDB2BC-EAF0-41C2-B61F-49933C5BC8E2}.Release|Any CPU.ActiveCfg = Release|Any CPU
		{F7EDB2BC-EAF0-41C2-B61F-49933C5BC8E2}.Release|Any CPU.Build.0 = Release|Any CPU
		{E6748CEB-4457-46E6-9E27-C8C1BF7104AB}.Debug|Any CPU.ActiveCfg = Debug|Any CPU
		{E6748CEB-4457-46E6-9E27-C8C1BF7104AB}.Debug|Any CPU.Build.0 = Debug|Any CPU
		{E6748CEB-4457-46E6-9E27-C8C1BF7104AB}.Release|Any CPU.ActiveCfg = Release|Any CPU
		{E6748CEB-4457-46E6-9E27-C8C1BF7104AB}.Release|Any CPU.Build.0 = Release|Any CPU
		{48C1B149-37D9-43D5-BE43-4173FF9B39D3}.Debug|Any CPU.ActiveCfg = Debug|Any CPU
		{48C1B149-37D9-43D5-BE43-4173FF9B39D3}.Debug|Any CPU.Build.0 = Debug|Any CPU
		{48C1B149-37D9-43D5-BE43-4173FF9B39D3}.Release|Any CPU.ActiveCfg = Release|Any CPU
		{48C1B149-37D9-43D5-BE43-4173FF9B39D3}.Release|Any CPU.Build.0 = Release|Any CPU
		{A1E25556-6516-497E-BE17-92F0FBC2E4EF}.Debug|Any CPU.ActiveCfg = Debug|Any CPU
		{A1E25556-6516-497E-BE17-92F0FBC2E4EF}.Debug|Any CPU.Build.0 = Debug|Any CPU
		{A1E25556-6516-497E-BE17-92F0FBC2E4EF}.Release|Any CPU.ActiveCfg = Release|Any CPU
		{A1E25556-6516-497E-BE17-92F0FBC2E4EF}.Release|Any CPU.Build.0 = Release|Any CPU
		{47E105DF-71BF-4FDF-BF1C-2E85CD0601A0}.Debug|Any CPU.ActiveCfg = Debug|Any CPU
		{47E105DF-71BF-4FDF-BF1C-2E85CD0601A0}.Debug|Any CPU.Build.0 = Debug|Any CPU
		{47E105DF-71BF-4FDF-BF1C-2E85CD0601A0}.Release|Any CPU.ActiveCfg = Release|Any CPU
		{47E105DF-71BF-4FDF-BF1C-2E85CD0601A0}.Release|Any CPU.Build.0 = Release|Any CPU
		{7C32659F-05AF-4332-824E-AAF6893B2847}.Debug|Any CPU.ActiveCfg = Debug|Any CPU
		{7C32659F-05AF-4332-824E-AAF6893B2847}.Debug|Any CPU.Build.0 = Debug|Any CPU
		{7C32659F-05AF-4332-824E-AAF6893B2847}.Release|Any CPU.ActiveCfg = Release|Any CPU
		{7C32659F-05AF-4332-824E-AAF6893B2847}.Release|Any CPU.Build.0 = Release|Any CPU
		{8DD7F78D-2FAD-48D4-909D-14B67EB42F7A}.Debug|Any CPU.ActiveCfg = Debug|Any CPU
		{8DD7F78D-2FAD-48D4-909D-14B67EB42F7A}.Debug|Any CPU.Build.0 = Debug|Any CPU
		{8DD7F78D-2FAD-48D4-909D-14B67EB42F7A}.Release|Any CPU.ActiveCfg = Release|Any CPU
		{8DD7F78D-2FAD-48D4-909D-14B67EB42F7A}.Release|Any CPU.Build.0 = Release|Any CPU
		{34F5055A-84F6-4D38-8DA1-63F40E9D4535}.Debug|Any CPU.ActiveCfg = Debug|Any CPU
		{34F5055A-84F6-4D38-8DA1-63F40E9D4535}.Debug|Any CPU.Build.0 = Debug|Any CPU
		{34F5055A-84F6-4D38-8DA1-63F40E9D4535}.Release|Any CPU.ActiveCfg = Release|Any CPU
		{34F5055A-84F6-4D38-8DA1-63F40E9D4535}.Release|Any CPU.Build.0 = Release|Any CPU
		{330264CB-61D9-4E78-BFE2-574E03579A21}.Debug|Any CPU.ActiveCfg = Debug|Any CPU
		{330264CB-61D9-4E78-BFE2-574E03579A21}.Debug|Any CPU.Build.0 = Debug|Any CPU
		{330264CB-61D9-4E78-BFE2-574E03579A21}.Release|Any CPU.ActiveCfg = Release|Any CPU
		{330264CB-61D9-4E78-BFE2-574E03579A21}.Release|Any CPU.Build.0 = Release|Any CPU
	EndGlobalSection
	GlobalSection(SolutionProperties) = preSolution
		HideSolutionNode = FALSE
	EndGlobalSection
	GlobalSection(NestedProjects) = preSolution
		{3E1CA2E6-F6C3-4A28-8985-717EED58BB1F} = {02EA681E-C7D8-13C7-8484-4AC65E1B71E8}
		{ADF84C5E-8311-4DE9-9500-BC8116E2709B} = {02EA681E-C7D8-13C7-8484-4AC65E1B71E8}
		{38751F4B-F945-411D-A74C-CC25FA174A4F} = {02EA681E-C7D8-13C7-8484-4AC65E1B71E8}
		{F7EDB2BC-EAF0-41C2-B61F-49933C5BC8E2} = {90182F99-A0B9-4068-A41E-7057FF64068C}
		{E6748CEB-4457-46E6-9E27-C8C1BF7104AB} = {90182F99-A0B9-4068-A41E-7057FF64068C}
		{48C1B149-37D9-43D5-BE43-4173FF9B39D3} = {90182F99-A0B9-4068-A41E-7057FF64068C}
		{A1E25556-6516-497E-BE17-92F0FBC2E4EF} = {7938F392-8B1D-4AD5-9E30-0D04B181C76D}
		{47E105DF-71BF-4FDF-BF1C-2E85CD0601A0} = {7938F392-8B1D-4AD5-9E30-0D04B181C76D}
		{7C32659F-05AF-4332-824E-AAF6893B2847} = {7938F392-8B1D-4AD5-9E30-0D04B181C76D}
		{8DD7F78D-2FAD-48D4-909D-14B67EB42F7A} = {5E061966-D3B7-493F-A0B7-FD25F9E67763}
		{34F5055A-84F6-4D38-8DA1-63F40E9D4535} = {5E061966-D3B7-493F-A0B7-FD25F9E67763}
		{330264CB-61D9-4E78-BFE2-574E03579A21} = {5E061966-D3B7-493F-A0B7-FD25F9E67763}
	EndGlobalSection
	GlobalSection(ExtensibilityGlobals) = postSolution
		SolutionGuid = {B6A88510-EB7E-498B-9C55-410AF88BDD46}
	EndGlobalSection
EndGlobal
