
Microsoft Visual Studio Solution File, Format Version 12.00
# Visual Studio Version 17
VisualStudioVersion = 17.14.36429.23
MinimumVisualStudioVersion = 10.0.40219.1
Project("{2150E333-8FDC-42A3-9474-1A3956D46DE8}") = "Task0", "Task0", "{02EA681E-C7D8-13C7-8484-4AC65E1B71E8}"
EndProject
Project("{FAE04EC0-301F-11D3-BF4B-00C04F79EFBC}") = "Tyuiu.KruchininEP.Sprint1.Task0.V7", "Tyuiu.KruchininEP.Sprint1.Task0.V7\Tyuiu.KruchininEP.Sprint1.Task0.V7.csproj", "{3E1CA2E6-F6C3-4A28-8985-717EED58BB1F}"
EndProject
Project("{FAE04EC0-301F-11D3-BF4B-00C04F79EFBC}") = "Tyuiu.KruchininEP.Sprint1.Task0.V7.Lib", "Tyuiu.KruchininEP.Sprint1.Task0.V7.Lib\Tyuiu.KruchininEP.Sprint1.Task0.V7.Lib.csproj", "{ADF84C5E-8311-4DE9-9500-BC8116E2709B}"
EndProject
Project("{FAE04EC0-301F-11D3-BF4B-00C04F79EFBC}") = "Tyuiu.KruchininEP.Sprint1.Task0.V7.Test", "Tyuiu.KruchininEP.Sprint1.Task0.V7.Test\Tyuiu.KruchininEP.Sprint1.Task0.V7.Test.csproj", "{38751F4B-F945-411D-A74C-CC25FA174A4F}"
EndProject
Project("{2150E333-8FDC-42A3-9474-1A3956D46DE8}") = "Task1", "Task1", "{90182F99-A0B9-4068-A41E-7057FF64068C}"
EndProject
Project("{FAE04EC0-301F-11D3-BF4B-00C04F79EFBC}") = "Tyuiu.KruchininEP.Sprint1.Task1.V3.Lib", "Tyuiu.KruchininEP.Sprin1.Task1.V3.Lib\Tyuiu.KruchininEP.Sprint1.Task1.V3.Lib.csproj", "{DFD2A279-D1D5-4EEE-8B0E-0435A8392442}"
EndProject
Project("{FAE04EC0-301F-11D3-BF4B-00C04F79EFBC}") = "Tyuiu.KruchininEP.Sprint1.Task1.V3.Test", "Tyuiu.KruchininEP.Sprint1.Task1.V3.Test\Tyuiu.KruchininEP.Sprint1.Task1.V3.Test.csproj", "{F7EDB2BC-EAF0-41C2-B61F-49933C5BC8E2}"
EndProject
Project("{FAE04EC0-301F-11D3-BF4B-00C04F79EFBC}") = "Tyuiu.KruchininEP.Sprint1.Task1.V3", "Tyuiu.KruchininEP.Sprint1.Task1.V3\Tyuiu.KruchininEP.Sprint1.Task1.V3.csproj", "{E6748CEB-4457-46E6-9E27-C8C1BF7104AB}"
EndProject
Global
	GlobalSection(SolutionConfigurationPlatforms) = preSolution
		Debug|Any CPU = Debug|Any CPU
		Release|Any CPU = Release|Any CPU
	EndGlobalSection
	GlobalSection(ProjectConfigurationPlatforms) = postSolution
		{3E1CA2E6-F6C3-4A28-8985-717EED58BB1F}.Debug|Any CPU.ActiveCfg = Debug|Any CPU
		{3E1CA2E6-F6C3-4A28-8985-717EED58BB1F}.Debug|Any CPU.Build.0 = Debug|Any CPU
		{3E1CA2E6-F6C3-4A28-8985-717EED58BB1F}.Release|Any CPU.ActiveCfg = Release|Any CPU
		{3E1CA2E6-F6C3-4A28-8985-717EED58BB1F}.Release|Any CPU.Build.0 = Release|Any CPU
		{ADF84C5E-8311-4DE9-9500-BC8116E2709B}.Debug|Any CPU.ActiveCfg = Debug|Any CPU
		{ADF84C5E-8311-4DE9-9500-BC8116E2709B}.Debug|Any CPU.Build.0 = Debug|Any CPU
		{ADF84C5E-8311-4DE9-9500-BC8116E2709B}.Release|Any CPU.ActiveCfg = Release|Any CPU
		{ADF84C5E-8311-4DE9-9500-BC8116E2709B}.Release|Any CPU.Build.0 = Release|Any CPU
		{38751F4B-F945-411D-A74C-CC25FA174A4F}.Debug|Any CPU.ActiveCfg = Debug|Any CPU
		{38751F4B-F945-411D-A74C-CC25FA174A4F}.Debug|Any CPU.Build.0 = Debug|Any CPU
		{38751F4B-F945-411D-A74C-CC25FA174A4F}.Release|Any CPU.ActiveCfg = Release|Any CPU
		{38751F4B-F945-411D-A74C-CC25FA174A4F}.Release|Any CPU.Build.0 = Release|Any CPU
		{DFD2A279-D1D5-4EEE-8B0E-0435A8392442}.Debug|Any CPU.ActiveCfg = Debug|Any CPU
		{DFD2A279-D1D5-4EEE-8B0E-0435A8392442}.Debug|Any CPU.Build.0 = Debug|Any CPU
		{DFD2A279-D1D5-4EEE-8B0E-0435A8392442}.Release|Any CPU.ActiveCfg = Release|Any CPU
		{DFD2A279-D1D5-4EEE-8B0E-0435A8392442}.Release|Any CPU.Build.0 = Release|Any CPU
		{F7EDB2BC-EAF0-41C2-B61F-49933C5BC8E2}.Debug|Any CPU.ActiveCfg = Debug|Any CPU
		{F7EDB2BC-EAF0-41C2-B61F-49933C5BC8E2}.Debug|Any CPU.Build.0 = Debug|Any CPU
		{F7EDB2BC-EAF0-41C2-B61F-49933C5BC8E2}.Release|Any CPU.ActiveCfg = Release|Any CPU
		{F7EDB2BC-EAF0-41C2-B61F-49933C5BC8E2}.Release|Any CPU.Build.0 = Release|Any CPU
		{E6748CEB-4457-46E6-9E27-C8C1BF7104AB}.Debug|Any CPU.ActiveCfg = Debug|Any CPU
		{E6748CEB-4457-46E6-9E27-C8C1BF7104AB}.Debug|Any CPU.Build.0 = Debug|Any CPU
		{E6748CEB-4457-46E6-9E27-C8C1BF7104AB}.Release|Any CPU.ActiveCfg = Release|Any CPU
		{E6748CEB-4457-46E6-9E27-C8C1BF7104AB}.Release|Any CPU.Build.0 = Release|Any CPU
	EndGlobalSection
	GlobalSection(SolutionProperties) = preSolution
		HideSolutionNode = FALSE
	EndGlobalSection
	GlobalSection(NestedProjects) = preSolution
		{3E1CA2E6-F6C3-4A28-8985-717EED58BB1F} = {02EA681E-C7D8-13C7-8484-4AC65E1B71E8}
		{ADF84C5E-8311-4DE9-9500-BC8116E2709B} = {02EA681E-C7D8-13C7-8484-4AC65E1B71E8}
		{38751F4B-F945-411D-A74C-CC25FA174A4F} = {02EA681E-C7D8-13C7-8484-4AC65E1B71E8}
		{DFD2A279-D1D5-4EEE-8B0E-0435A8392442} = {90182F99-A0B9-4068-A41E-7057FF64068C}
		{F7EDB2BC-EAF0-41C2-B61F-49933C5BC8E2} = {90182F99-A0B9-4068-A41E-7057FF64068C}
		{E6748CEB-4457-46E6-9E27-C8C1BF7104AB} = {90182F99-A0B9-4068-A41E-7057FF64068C}
	EndGlobalSection
	GlobalSection(ExtensibilityGlobals) = postSolution
		SolutionGuid = {B6A88510-EB7E-498B-9C55-410AF88BDD46}
	EndGlobalSection
EndGlobal
